// !$*UTF8*$!
{
	archiveVersion = 1;
	classes = {
	};
	objectVersion = 55;
	objects = {

/* Begin PBXBuildFile section */
		CD5E15D6291432DC002BE768 /* CompleteInput.swift in Sources */ = {isa = PBXBuildFile; fileRef = CD5E15D5291432DC002BE768 /* CompleteInput.swift */; };
		CD5E15D829145424002BE768 /* TextFieldDelegate.swift in Sources */ = {isa = PBXBuildFile; fileRef = CD5E15D729145424002BE768 /* TextFieldDelegate.swift */; };
		CD5E15DA29145804002BE768 /* ProductComparator.swift in Sources */ = {isa = PBXBuildFile; fileRef = CD5E15D929145804002BE768 /* ProductComparator.swift */; };
		CD5E15DC29145A7F002BE768 /* ChepeastProduct.swift in Sources */ = {isa = PBXBuildFile; fileRef = CD5E15DB29145A7F002BE768 /* ChepeastProduct.swift */; };
		CD73E730290B135000FD650A /* AppDelegate.swift in Sources */ = {isa = PBXBuildFile; fileRef = CD73E72F290B135000FD650A /* AppDelegate.swift */; };
		CD73E732290B135000FD650A /* SceneDelegate.swift in Sources */ = {isa = PBXBuildFile; fileRef = CD73E731290B135000FD650A /* SceneDelegate.swift */; };
		CD73E734290B135000FD650A /* ViewController.swift in Sources */ = {isa = PBXBuildFile; fileRef = CD73E733290B135000FD650A /* ViewController.swift */; };
		CD73E739290B135300FD650A /* Assets.xcassets in Resources */ = {isa = PBXBuildFile; fileRef = CD73E738290B135300FD650A /* Assets.xcassets */; };
		CD73E73C290B135300FD650A /* LaunchScreen.storyboard in Resources */ = {isa = PBXBuildFile; fileRef = CD73E73A290B135300FD650A /* LaunchScreen.storyboard */; };
		CD73E747290B135400FD650A /* PriceComparatorTests.swift in Sources */ = {isa = PBXBuildFile; fileRef = CD73E746290B135400FD650A /* PriceComparatorTests.swift */; };
		CD73E751290B135400FD650A /* PriceComparatorUITests.swift in Sources */ = {isa = PBXBuildFile; fileRef = CD73E750290B135400FD650A /* PriceComparatorUITests.swift */; };
		CD73E753290B135400FD650A /* PriceComparatorUITestsLaunchTests.swift in Sources */ = {isa = PBXBuildFile; fileRef = CD73E752290B135400FD650A /* PriceComparatorUITestsLaunchTests.swift */; };
/* End PBXBuildFile section */

/* Begin PBXContainerItemProxy section */
		CD73E743290B135400FD650A /* PBXContainerItemProxy */ = {
			isa = PBXContainerItemProxy;
			containerPortal = CD73E724290B135000FD650A /* Project object */;
			proxyType = 1;
			remoteGlobalIDString = CD73E72B290B135000FD650A;
			remoteInfo = PriceComparator;
		};
		CD73E74D290B135400FD650A /* PBXContainerItemProxy */ = {
			isa = PBXContainerItemProxy;
			containerPortal = CD73E724290B135000FD650A /* Project object */;
			proxyType = 1;
			remoteGlobalIDString = CD73E72B290B135000FD650A;
			remoteInfo = PriceComparator;
		};
/* End PBXContainerItemProxy section */

/* Begin PBXFileReference section */
		CD5E15D5291432DC002BE768 /* CompleteInput.swift */ = {isa = PBXFileReference; lastKnownFileType = sourcecode.swift; path = CompleteInput.swift; sourceTree = "<group>"; };
		CD5E15D729145424002BE768 /* TextFieldDelegate.swift */ = {isa = PBXFileReference; lastKnownFileType = sourcecode.swift; path = TextFieldDelegate.swift; sourceTree = "<group>"; };
		CD5E15D929145804002BE768 /* ProductComparator.swift */ = {isa = PBXFileReference; lastKnownFileType = sourcecode.swift; path = ProductComparator.swift; sourceTree = "<group>"; };
		CD5E15DB29145A7F002BE768 /* ChepeastProduct.swift */ = {isa = PBXFileReference; lastKnownFileType = sourcecode.swift; path = ChepeastProduct.swift; sourceTree = "<group>"; };
		CD73E72C290B135000FD650A /* PriceComparator.app */ = {isa = PBXFileReference; explicitFileType = wrapper.application; includeInIndex = 0; path = PriceComparator.app; sourceTree = BUILT_PRODUCTS_DIR; };
		CD73E72F290B135000FD650A /* AppDelegate.swift */ = {isa = PBXFileReference; lastKnownFileType = sourcecode.swift; path = AppDelegate.swift; sourceTree = "<group>"; };
		CD73E731290B135000FD650A /* SceneDelegate.swift */ = {isa = PBXFileReference; lastKnownFileType = sourcecode.swift; path = SceneDelegate.swift; sourceTree = "<group>"; };
		CD73E733290B135000FD650A /* ViewController.swift */ = {isa = PBXFileReference; lastKnownFileType = sourcecode.swift; path = ViewController.swift; sourceTree = "<group>"; };
		CD73E738290B135300FD650A /* Assets.xcassets */ = {isa = PBXFileReference; lastKnownFileType = folder.assetcatalog; path = Assets.xcassets; sourceTree = "<group>"; };
		CD73E73B290B135300FD650A /* Base */ = {isa = PBXFileReference; lastKnownFileType = file.storyboard; name = Base; path = Base.lproj/LaunchScreen.storyboard; sourceTree = "<group>"; };
		CD73E73D290B135300FD650A /* Info.plist */ = {isa = PBXFileReference; lastKnownFileType = text.plist.xml; path = Info.plist; sourceTree = "<group>"; };
		CD73E742290B135400FD650A /* PriceComparatorTests.xctest */ = {isa = PBXFileReference; explicitFileType = wrapper.cfbundle; includeInIndex = 0; path = PriceComparatorTests.xctest; sourceTree = BUILT_PRODUCTS_DIR; };
		CD73E746290B135400FD650A /* PriceComparatorTests.swift */ = {isa = PBXFileReference; lastKnownFileType = sourcecode.swift; path = PriceComparatorTests.swift; sourceTree = "<group>"; };
		CD73E74C290B135400FD650A /* PriceComparatorUITests.xctest */ = {isa = PBXFileReference; explicitFileType = wrapper.cfbundle; includeInIndex = 0; path = PriceComparatorUITests.xctest; sourceTree = BUILT_PRODUCTS_DIR; };
		CD73E750290B135400FD650A /* PriceComparatorUITests.swift */ = {isa = PBXFileReference; lastKnownFileType = sourcecode.swift; path = PriceComparatorUITests.swift; sourceTree = "<group>"; };
		CD73E752290B135400FD650A /* PriceComparatorUITestsLaunchTests.swift */ = {isa = PBXFileReference; lastKnownFileType = sourcecode.swift; path = PriceComparatorUITestsLaunchTests.swift; sourceTree = "<group>"; };
/* End PBXFileReference section */

/* Begin PBXFrameworksBuildPhase section */
		CD73E729290B135000FD650A /* Frameworks */ = {
			isa = PBXFrameworksBuildPhase;
			buildActionMask = 2147483647;
			files = (
			);
			runOnlyForDeploymentPostprocessing = 0;
		};
		CD73E73F290B135400FD650A /* Frameworks */ = {
			isa = PBXFrameworksBuildPhase;
			buildActionMask = 2147483647;
			files = (
			);
			runOnlyForDeploymentPostprocessing = 0;
		};
		CD73E749290B135400FD650A /* Frameworks */ = {
			isa = PBXFrameworksBuildPhase;
			buildActionMask = 2147483647;
			files = (
			);
			runOnlyForDeploymentPostprocessing = 0;
		};
/* End PBXFrameworksBuildPhase section */

/* Begin PBXGroup section */
		CD73E723290B135000FD650A = {
			isa = PBXGroup;
			children = (
				CD73E72E290B135000FD650A /* PriceComparator */,
				CD73E745290B135400FD650A /* PriceComparatorTests */,
				CD73E74F290B135400FD650A /* PriceComparatorUITests */,
				CD73E72D290B135000FD650A /* Products */,
			);
			sourceTree = "<group>";
		};
		CD73E72D290B135000FD650A /* Products */ = {
			isa = PBXGroup;
			children = (
				CD73E72C290B135000FD650A /* PriceComparator.app */,
				CD73E742290B135400FD650A /* PriceComparatorTests.xctest */,
				CD73E74C290B135400FD650A /* PriceComparatorUITests.xctest */,
			);
			name = Products;
			sourceTree = "<group>";
		};
		CD73E72E290B135000FD650A /* PriceComparator */ = {
			isa = PBXGroup;
			children = (
				CD73E72F290B135000FD650A /* AppDelegate.swift */,
				CD73E731290B135000FD650A /* SceneDelegate.swift */,
				CD73E733290B135000FD650A /* ViewController.swift */,
				CD5E15D5291432DC002BE768 /* CompleteInput.swift */,
				CD5E15D929145804002BE768 /* ProductComparator.swift */,
				CD5E15DB29145A7F002BE768 /* ChepeastProduct.swift */,
				CD5E15D729145424002BE768 /* TextFieldDelegate.swift */,
				CD73E738290B135300FD650A /* Assets.xcassets */,
				CD73E73A290B135300FD650A /* LaunchScreen.storyboard */,
				CD73E73D290B135300FD650A /* Info.plist */,
			);
			path = PriceComparator;
			sourceTree = "<group>";
		};
		CD73E745290B135400FD650A /* PriceComparatorTests */ = {
			isa = PBXGroup;
			children = (
				CD73E746290B135400FD650A /* PriceComparatorTests.swift */,
			);
			path = PriceComparatorTests;
			sourceTree = "<group>";
		};
		CD73E74F290B135400FD650A /* PriceComparatorUITests */ = {
			isa = PBXGroup;
			children = (
				CD73E750290B135400FD650A /* PriceComparatorUITests.swift */,
				CD73E752290B135400FD650A /* PriceComparatorUITestsLaunchTests.swift */,
			);
			path = PriceComparatorUITests;
			sourceTree = "<group>";
		};
/* End PBXGroup section */

/* Begin PBXNativeTarget section */
		CD73E72B290B135000FD650A /* PriceComparator */ = {
			isa = PBXNativeTarget;
			buildConfigurationList = CD73E756290B135400FD650A /* Build configuration list for PBXNativeTarget "PriceComparator" */;
			buildPhases = (
				CD73E728290B135000FD650A /* Sources */,
				CD73E729290B135000FD650A /* Frameworks */,
				CD73E72A290B135000FD650A /* Resources */,
			);
			buildRules = (
			);
			dependencies = (
			);
			name = PriceComparator;
			productName = PriceComparator;
			productReference = CD73E72C290B135000FD650A /* PriceComparator.app */;
			productType = "com.apple.product-type.application";
		};
		CD73E741290B135400FD650A /* PriceComparatorTests */ = {
			isa = PBXNativeTarget;
			buildConfigurationList = CD73E759290B135400FD650A /* Build configuration list for PBXNativeTarget "PriceComparatorTests" */;
			buildPhases = (
				CD73E73E290B135400FD650A /* Sources */,
				CD73E73F290B135400FD650A /* Frameworks */,
				CD73E740290B135400FD650A /* Resources */,
			);
			buildRules = (
			);
			dependencies = (
				CD73E744290B135400FD650A /* PBXTargetDependency */,
			);
			name = PriceComparatorTests;
			productName = PriceComparatorTests;
			productReference = CD73E742290B135400FD650A /* PriceComparatorTests.xctest */;
			productType = "com.apple.product-type.bundle.unit-test";
		};
		CD73E74B290B135400FD650A /* PriceComparatorUITests */ = {
			isa = PBXNativeTarget;
			buildConfigurationList = CD73E75C290B135400FD650A /* Build configuration list for PBXNativeTarget "PriceComparatorUITests" */;
			buildPhases = (
				CD73E748290B135400FD650A /* Sources */,
				CD73E749290B135400FD650A /* Frameworks */,
				CD73E74A290B135400FD650A /* Resources */,
			);
			buildRules = (
			);
			dependencies = (
				CD73E74E290B135400FD650A /* PBXTargetDependency */,
			);
			name = PriceComparatorUITests;
			productName = PriceComparatorUITests;
			productReference = CD73E74C290B135400FD650A /* PriceComparatorUITests.xctest */;
			productType = "com.apple.product-type.bundle.ui-testing";
		};
/* End PBXNativeTarget section */

/* Begin PBXProject section */
		CD73E724290B135000FD650A /* Project object */ = {
			isa = PBXProject;
			attributes = {
				BuildIndependentTargetsInParallel = 1;
				LastSwiftUpdateCheck = 1320;
				LastUpgradeCheck = 1320;
				TargetAttributes = {
					CD73E72B290B135000FD650A = {
						CreatedOnToolsVersion = 13.2.1;
					};
					CD73E741290B135400FD650A = {
						CreatedOnToolsVersion = 13.2.1;
						TestTargetID = CD73E72B290B135000FD650A;
					};
					CD73E74B290B135400FD650A = {
						CreatedOnToolsVersion = 13.2.1;
						TestTargetID = CD73E72B290B135000FD650A;
					};
				};
			};
			buildConfigurationList = CD73E727290B135000FD650A /* Build configuration list for PBXProject "PriceComparator" */;
			compatibilityVersion = "Xcode 13.0";
			developmentRegion = en;
			hasScannedForEncodings = 0;
			knownRegions = (
				en,
				Base,
			);
			mainGroup = CD73E723290B135000FD650A;
			productRefGroup = CD73E72D290B135000FD650A /* Products */;
			projectDirPath = "";
			projectRoot = "";
			targets = (
				CD73E72B290B135000FD650A /* PriceComparator */,
				CD73E741290B135400FD650A /* PriceComparatorTests */,
				CD73E74B290B135400FD650A /* PriceComparatorUITests */,
			);
		};
/* End PBXProject section */

/* Begin PBXResourcesBuildPhase section */
		CD73E72A290B135000FD650A /* Resources */ = {
			isa = PBXResourcesBuildPhase;
			buildActionMask = 2147483647;
			files = (
				CD73E73C290B135300FD650A /* LaunchScreen.storyboard in Resources */,
				CD73E739290B135300FD650A /* Assets.xcassets in Resources */,
			);
			runOnlyForDeploymentPostprocessing = 0;
		};
		CD73E740290B135400FD650A /* Resources */ = {
			isa = PBXResourcesBuildPhase;
			buildActionMask = 2147483647;
			files = (
			);
			runOnlyForDeploymentPostprocessing = 0;
		};
		CD73E74A290B135400FD650A /* Resources */ = {
			isa = PBXResourcesBuildPhase;
			buildActionMask = 2147483647;
			files = (
			);
			runOnlyForDeploymentPostprocessing = 0;
		};
/* End PBXResourcesBuildPhase section */

/* Begin PBXSourcesBuildPhase section */
		CD73E728290B135000FD650A /* Sources */ = {
			isa = PBXSourcesBuildPhase;
			buildActionMask = 2147483647;
			files = (
				CD5E15DA29145804002BE768 /* ProductComparator.swift in Sources */,
				CD73E734290B135000FD650A /* ViewController.swift in Sources */,
				CD5E15D829145424002BE768 /* TextFieldDelegate.swift in Sources */,
				CD73E730290B135000FD650A /* AppDelegate.swift in Sources */,
				CD73E732290B135000FD650A /* SceneDelegate.swift in Sources */,
				CD5E15D6291432DC002BE768 /* CompleteInput.swift in Sources */,
				CD5E15DC29145A7F002BE768 /* ChepeastProduct.swift in Sources */,
			);
			runOnlyForDeploymentPostprocessing = 0;
		};
		CD73E73E290B135400FD650A /* Sources */ = {
			isa = PBXSourcesBuildPhase;
			buildActionMask = 2147483647;
			files = (
				CD73E747290B135400FD650A /* PriceComparatorTests.swift in Sources */,
			);
			runOnlyForDeploymentPostprocessing = 0;
		};
		CD73E748290B135400FD650A /* Sources */ = {
			isa = PBXSourcesBuildPhase;
			buildActionMask = 2147483647;
			files = (
				CD73E753290B135400FD650A /* PriceComparatorUITestsLaunchTests.swift in Sources */,
				CD73E751290B135400FD650A /* PriceComparatorUITests.swift in Sources */,
			);
			runOnlyForDeploymentPostprocessing = 0;
		};
/* End PBXSourcesBuildPhase section */

/* Begin PBXTargetDependency section */
		CD73E744290B135400FD650A /* PBXTargetDependency */ = {
			isa = PBXTargetDependency;
			target = CD73E72B290B135000FD650A /* PriceComparator */;
			targetProxy = CD73E743290B135400FD650A /* PBXContainerItemProxy */;
		};
		CD73E74E290B135400FD650A /* PBXTargetDependency */ = {
			isa = PBXTargetDependency;
			target = CD73E72B290B135000FD650A /* PriceComparator */;
			targetProxy = CD73E74D290B135400FD650A /* PBXContainerItemProxy */;
		};
/* End PBXTargetDependency section */

/* Begin PBXVariantGroup section */
		CD73E73A290B135300FD650A /* LaunchScreen.storyboard */ = {
			isa = PBXVariantGroup;
			children = (
				CD73E73B290B135300FD650A /* Base */,
			);
			name = LaunchScreen.storyboard;
			sourceTree = "<group>";
		};
/* End PBXVariantGroup section */

/* Begin XCBuildConfiguration section */
		CD73E754290B135400FD650A /* Debug */ = {
			isa = XCBuildConfiguration;
			buildSettings = {
				ALWAYS_SEARCH_USER_PATHS = NO;
				CLANG_ANALYZER_NONNULL = YES;
				CLANG_ANALYZER_NUMBER_OBJECT_CONVERSION = YES_AGGRESSIVE;
				CLANG_CXX_LANGUAGE_STANDARD = "gnu++17";
				CLANG_CXX_LIBRARY = "libc++";
				CLANG_ENABLE_MODULES = YES;
				CLANG_ENABLE_OBJC_ARC = YES;
				CLANG_ENABLE_OBJC_WEAK = YES;
				CLANG_WARN_BLOCK_CAPTURE_AUTORELEASING = YES;
				CLANG_WARN_BOOL_CONVERSION = YES;
				CLANG_WARN_COMMA = YES;
				CLANG_WARN_CONSTANT_CONVERSION = YES;
				CLANG_WARN_DEPRECATED_OBJC_IMPLEMENTATIONS = YES;
				CLANG_WARN_DIRECT_OBJC_ISA_USAGE = YES_ERROR;
				CLANG_WARN_DOCUMENTATION_COMMENTS = YES;
				CLANG_WARN_EMPTY_BODY = YES;
				CLANG_WARN_ENUM_CONVERSION = YES;
				CLANG_WARN_INFINITE_RECURSION = YES;
				CLANG_WARN_INT_CONVERSION = YES;
				CLANG_WARN_NON_LITERAL_NULL_CONVERSION = YES;
				CLANG_WARN_OBJC_IMPLICIT_RETAIN_SELF = YES;
				CLANG_WARN_OBJC_LITERAL_CONVERSION = YES;
				CLANG_WARN_OBJC_ROOT_CLASS = YES_ERROR;
				CLANG_WARN_QUOTED_INCLUDE_IN_FRAMEWORK_HEADER = YES;
				CLANG_WARN_RANGE_LOOP_ANALYSIS = YES;
				CLANG_WARN_STRICT_PROTOTYPES = YES;
				CLANG_WARN_SUSPICIOUS_MOVE = YES;
				CLANG_WARN_UNGUARDED_AVAILABILITY = YES_AGGRESSIVE;
				CLANG_WARN_UNREACHABLE_CODE = YES;
				CLANG_WARN__DUPLICATE_METHOD_MATCH = YES;
				COPY_PHASE_STRIP = NO;
				DEBUG_INFORMATION_FORMAT = dwarf;
				ENABLE_STRICT_OBJC_MSGSEND = YES;
				ENABLE_TESTABILITY = YES;
				GCC_C_LANGUAGE_STANDARD = gnu11;
				GCC_DYNAMIC_NO_PIC = NO;
				GCC_NO_COMMON_BLOCKS = YES;
				GCC_OPTIMIZATION_LEVEL = 0;
				GCC_PREPROCESSOR_DEFINITIONS = (
					"DEBUG=1",
					"$(inherited)",
				);
				GCC_WARN_64_TO_32_BIT_CONVERSION = YES;
				GCC_WARN_ABOUT_RETURN_TYPE = YES_ERROR;
				GCC_WARN_UNDECLARED_SELECTOR = YES;
				GCC_WARN_UNINITIALIZED_AUTOS = YES_AGGRESSIVE;
				GCC_WARN_UNUSED_FUNCTION = YES;
				GCC_WARN_UNUSED_VARIABLE = YES;
				IPHONEOS_DEPLOYMENT_TARGET = 15.2;
				MTL_ENABLE_DEBUG_INFO = INCLUDE_SOURCE;
				MTL_FAST_MATH = YES;
				ONLY_ACTIVE_ARCH = YES;
				SDKROOT = iphoneos;
				SWIFT_ACTIVE_COMPILATION_CONDITIONS = DEBUG;
				SWIFT_OPTIMIZATION_LEVEL = "-Onone";
			};
			name = Debug;
		};
		CD73E755290B135400FD650A /* Release */ = {
			isa = XCBuildConfiguration;
			buildSettings = {
				ALWAYS_SEARCH_USER_PATHS = NO;
				CLANG_ANALYZER_NONNULL = YES;
				CLANG_ANALYZER_NUMBER_OBJECT_CONVERSION = YES_AGGRESSIVE;
				CLANG_CXX_LANGUAGE_STANDARD = "gnu++17";
				CLANG_CXX_LIBRARY = "libc++";
				CLANG_ENABLE_MODULES = YES;
				CLANG_ENABLE_OBJC_ARC = YES;
				CLANG_ENABLE_OBJC_WEAK = YES;
				CLANG_WARN_BLOCK_CAPTURE_AUTORELEASING = YES;
				CLANG_WARN_BOOL_CONVERSION = YES;
				CLANG_WARN_COMMA = YES;
				CLANG_WARN_CONSTANT_CONVERSION = YES;
				CLANG_WARN_DEPRECATED_OBJC_IMPLEMENTATIONS = YES;
				CLANG_WARN_DIRECT_OBJC_ISA_USAGE = YES_ERROR;
				CLANG_WARN_DOCUMENTATION_COMMENTS = YES;
				CLANG_WARN_EMPTY_BODY = YES;
				CLANG_WARN_ENUM_CONVERSION = YES;
				CLANG_WARN_INFINITE_RECURSION = YES;
				CLANG_WARN_INT_CONVERSION = YES;
				CLANG_WARN_NON_LITERAL_NULL_CONVERSION = YES;
				CLANG_WARN_OBJC_IMPLICIT_RETAIN_SELF = YES;
				CLANG_WARN_OBJC_LITERAL_CONVERSION = YES;
				CLANG_WARN_OBJC_ROOT_CLASS = YES_ERROR;
				CLANG_WARN_QUOTED_INCLUDE_IN_FRAMEWORK_HEADER = YES;
				CLANG_WARN_RANGE_LOOP_ANALYSIS = YES;
				CLANG_WARN_STRICT_PROTOTYPES = YES;
				CLANG_WARN_SUSPICIOUS_MOVE = YES;
				CLANG_WARN_UNGUARDED_AVAILABILITY = YES_AGGRESSIVE;
				CLANG_WARN_UNREACHABLE_CODE = YES;
				CLANG_WARN__DUPLICATE_METHOD_MATCH = YES;
				COPY_PHASE_STRIP = NO;
				DEBUG_INFORMATION_FORMAT = "dwarf-with-dsym";
				ENABLE_NS_ASSERTIONS = NO;
				ENABLE_STRICT_OBJC_MSGSEND = YES;
				GCC_C_LANGUAGE_STANDARD = gnu11;
				GCC_NO_COMMON_BLOCKS = YES;
				GCC_WARN_64_TO_32_BIT_CONVERSION = YES;
				GCC_WARN_ABOUT_RETURN_TYPE = YES_ERROR;
				GCC_WARN_UNDECLARED_SELECTOR = YES;
				GCC_WARN_UNINITIALIZED_AUTOS = YES_AGGRESSIVE;
				GCC_WARN_UNUSED_FUNCTION = YES;
				GCC_WARN_UNUSED_VARIABLE = YES;
				IPHONEOS_DEPLOYMENT_TARGET = 15.2;
				MTL_ENABLE_DEBUG_INFO = NO;
				MTL_FAST_MATH = YES;
				SDKROOT = iphoneos;
				SWIFT_COMPILATION_MODE = wholemodule;
				SWIFT_OPTIMIZATION_LEVEL = "-O";
				VALIDATE_PRODUCT = YES;
			};
			name = Release;
		};
		CD73E757290B135400FD650A /* Debug */ = {
			isa = XCBuildConfiguration;
			buildSettings = {
				ASSETCATALOG_COMPILER_APPICON_NAME = AppIcon;
				ASSETCATALOG_COMPILER_GLOBAL_ACCENT_COLOR_NAME = AccentColor;
				CODE_SIGN_STYLE = Automatic;
				CURRENT_PROJECT_VERSION = 1;
				GENERATE_INFOPLIST_FILE = YES;
				INFOPLIST_FILE = PriceComparator/Info.plist;
				INFOPLIST_KEY_UIApplicationSupportsIndirectInputEvents = YES;
				INFOPLIST_KEY_UILaunchStoryboardName = LaunchScreen;
				INFOPLIST_KEY_UISupportedInterfaceOrientations_iPad = "UIInterfaceOrientationPortrait UIInterfaceOrientationPortraitUpsideDown UIInterfaceOrientationLandscapeLeft UIInterfaceOrientationLandscapeRight";
				INFOPLIST_KEY_UISupportedInterfaceOrientations_iPhone = "UIInterfaceOrientationPortrait UIInterfaceOrientationLandscapeLeft UIInterfaceOrientationLandscapeRight";
				LD_RUNPATH_SEARCH_PATHS = (
					"$(inherited)",
					"@executable_path/Frameworks",
				);
				MARKETING_VERSION = 1.0;
				PRODUCT_BUNDLE_IDENTIFIER = com.phcelos.PriceComparator;
				PRODUCT_NAME = "$(TARGET_NAME)";
				SWIFT_EMIT_LOC_STRINGS = YES;
				SWIFT_VERSION = 5.0;
				TARGETED_DEVICE_FAMILY = "1,2";
			};
			name = Debug;
		};
		CD73E758290B135400FD650A /* Release */ = {
			isa = XCBuildConfiguration;
			buildSettings = {
				ASSETCATALOG_COMPILER_APPICON_NAME = AppIcon;
				ASSETCATALOG_COMPILER_GLOBAL_ACCENT_COLOR_NAME = AccentColor;
				CODE_SIGN_STYLE = Automatic;
				CURRENT_PROJECT_VERSION = 1;
				GENERATE_INFOPLIST_FILE = YES;
				INFOPLIST_FILE = PriceComparator/Info.plist;
				INFOPLIST_KEY_UIApplicationSupportsIndirectInputEvents = YES;
				INFOPLIST_KEY_UILaunchStoryboardName = LaunchScreen;
				INFOPLIST_KEY_UISupportedInterfaceOrientations_iPad = "UIInterfaceOrientationPortrait UIInterfaceOrientationPortraitUpsideDown UIInterfaceOrientationLandscapeLeft UIInterfaceOrientationLandscapeRight";
				INFOPLIST_KEY_UISupportedInterfaceOrientations_iPhone = "UIInterfaceOrientationPortrait UIInterfaceOrientationLandscapeLeft UIInterfaceOrientationLandscapeRight";
				LD_RUNPATH_SEARCH_PATHS = (
					"$(inherited)",
					"@executable_path/Frameworks",
				);
				MARKETING_VERSION = 1.0;
				PRODUCT_BUNDLE_IDENTIFIER = com.phcelos.PriceComparator;
				PRODUCT_NAME = "$(TARGET_NAME)";
				SWIFT_EMIT_LOC_STRINGS = YES;
				SWIFT_VERSION = 5.0;
				TARGETED_DEVICE_FAMILY = "1,2";
			};
			name = Release;
		};
		CD73E75A290B135400FD650A /* Debug */ = {
			isa = XCBuildConfiguration;
			buildSettings = {
				ALWAYS_EMBED_SWIFT_STANDARD_LIBRARIES = YES;
				BUNDLE_LOADER = "$(TEST_HOST)";
				CODE_SIGN_STYLE = Automatic;
				CURRENT_PROJECT_VERSION = 1;
				GENERATE_INFOPLIST_FILE = YES;
				IPHONEOS_DEPLOYMENT_TARGET = 15.2;
				MARKETING_VERSION = 1.0;
				PRODUCT_BUNDLE_IDENTIFIER = com.phcelos.PriceComparatorTests;
				PRODUCT_NAME = "$(TARGET_NAME)";
				SWIFT_EMIT_LOC_STRINGS = NO;
				SWIFT_VERSION = 5.0;
				TARGETED_DEVICE_FAMILY = "1,2";
				TEST_HOST = "$(BUILT_PRODUCTS_DIR)/PriceComparator.app/PriceComparator";
			};
			name = Debug;
		};
		CD73E75B290B135400FD650A /* Release */ = {
			isa = XCBuildConfiguration;
			buildSettings = {
				ALWAYS_EMBED_SWIFT_STANDARD_LIBRARIES = YES;
				BUNDLE_LOADER = "$(TEST_HOST)";
				CODE_SIGN_STYLE = Automatic;
				CURRENT_PROJECT_VERSION = 1;
				GENERATE_INFOPLIST_FILE = YES;
				IPHONEOS_DEPLOYMENT_TARGET = 15.2;
				MARKETING_VERSION = 1.0;
				PRODUCT_BUNDLE_IDENTIFIER = com.phcelos.PriceComparatorTests;
				PRODUCT_NAME = "$(TARGET_NAME)";
				SWIFT_EMIT_LOC_STRINGS = NO;
				SWIFT_VERSION = 5.0;
				TARGETED_DEVICE_FAMILY = "1,2";
				TEST_HOST = "$(BUILT_PRODUCTS_DIR)/PriceComparator.app/PriceComparator";
			};
			name = Release;
		};
		CD73E75D290B135400FD650A /* Debug */ = {
			isa = XCBuildConfiguration;
			buildSettings = {
				ALWAYS_EMBED_SWIFT_STANDARD_LIBRARIES = YES;
				CODE_SIGN_STYLE = Automatic;
				CURRENT_PROJECT_VERSION = 1;
				GENERATE_INFOPLIST_FILE = YES;
				MARKETING_VERSION = 1.0;
				PRODUCT_BUNDLE_IDENTIFIER = com.phcelos.PriceComparatorUITests;
				PRODUCT_NAME = "$(TARGET_NAME)";
				SWIFT_EMIT_LOC_STRINGS = NO;
				SWIFT_VERSION = 5.0;
				TARGETED_DEVICE_FAMILY = "1,2";
				TEST_TARGET_NAME = PriceComparator;
			};
			name = Debug;
		};
		CD73E75E290B135400FD650A /* Release */ = {
			isa = XCBuildConfiguration;
			buildSettings = {
				ALWAYS_EMBED_SWIFT_STANDARD_LIBRARIES = YES;
				CODE_SIGN_STYLE = Automatic;
				CURRENT_PROJECT_VERSION = 1;
				GENERATE_INFOPLIST_FILE = YES;
				MARKETING_VERSION = 1.0;
				PRODUCT_BUNDLE_IDENTIFIER = com.phcelos.PriceComparatorUITests;
				PRODUCT_NAME = "$(TARGET_NAME)";
				SWIFT_EMIT_LOC_STRINGS = NO;
				SWIFT_VERSION = 5.0;
				TARGETED_DEVICE_FAMILY = "1,2";
				TEST_TARGET_NAME = PriceComparator;
			};
			name = Release;
		};
/* End XCBuildConfiguration section */

/* Begin XCConfigurationList section */
		CD73E727290B135000FD650A /* Build configuration list for PBXProject "PriceComparator" */ = {
			isa = XCConfigurationList;
			buildConfigurations = (
				CD73E754290B135400FD650A /* Debug */,
				CD73E755290B135400FD650A /* Release */,
			);
			defaultConfigurationIsVisible = 0;
			defaultConfigurationName = Release;
		};
		CD73E756290B135400FD650A /* Build configuration list for PBXNativeTarget "PriceComparator" */ = {
			isa = XCConfigurationList;
			buildConfigurations = (
				CD73E757290B135400FD650A /* Debug */,
				CD73E758290B135400FD650A /* Release */,
			);
			defaultConfigurationIsVisible = 0;
			defaultConfigurationName = Release;
		};
		CD73E759290B135400FD650A /* Build configuration list for PBXNativeTarget "PriceComparatorTests" */ = {
			isa = XCConfigurationList;
			buildConfigurations = (
				CD73E75A290B135400FD650A /* Debug */,
				CD73E75B290B135400FD650A /* Release */,
			);
			defaultConfigurationIsVisible = 0;
			defaultConfigurationName = Release;
		};
		CD73E75C290B135400FD650A /* Build configuration list for PBXNativeTarget "PriceComparatorUITests" */ = {
			isa = XCConfigurationList;
			buildConfigurations = (
				CD73E75D290B135400FD650A /* Debug */,
				CD73E75E290B135400FD650A /* Release */,
			);
			defaultConfigurationIsVisible = 0;
			defaultConfigurationName = Release;
		};
/* End XCConfigurationList section */
	};
	rootObject = CD73E724290B135000FD650A /* Project object */;
}
